
Microsoft Visual Studio Solution File, Format Version 12.00
# Visual Studio Version 16
VisualStudioVersion = 16.0.29806.167
MinimumVisualStudioVersion = 10.0.40219.1
Project("{8BC9CEB8-8B4A-11D0-8D11-00A0C91BC942}") = "CS 433 Programming 3", "CS 433 Programming 3.vcxproj", "{24A62725-DA1D-484B-BDD9-0BAF8BA0A4EC}"
EndProject
Global
	GlobalSection(SolutionConfigurationPlatforms) = preSolution
		Debug|x64 = Debug|x64
		Debug|x86 = Debug|x86
		Release|x64 = Release|x64
		Release|x86 = Release|x86
	EndGlobalSection
	GlobalSection(ProjectConfigurationPlatforms) = postSolution
		{24A62725-DA1D-484B-BDD9-0BAF8BA0A4EC}.Debug|x64.ActiveCfg = Debug|x64
		{24A62725-DA1D-484B-BDD9-0BAF8BA0A4EC}.Debug|x64.Build.0 = Debug|x64
		{24A62725-DA1D-484B-BDD9-0BAF8BA0A4EC}.Debug|x86.ActiveCfg = Debug|Win32
		{24A62725-DA1D-484B-BDD9-0BAF8BA0A4EC}.Debug|x86.Build.0 = Debug|Win32
		{24A62725-DA1D-484B-BDD9-0BAF8BA0A4EC}.Release|x64.ActiveCfg = Release|x64
		{24A62725-DA1D-484B-BDD9-0BAF8BA0A4EC}.Release|x64.Build.0 = Release|x64
		{24A62725-DA1D-484B-BDD9-0BAF8BA0A4EC}.Release|x86.ActiveCfg = Release|Win32
		{24A62725-DA1D-484B-BDD9-0BAF8BA0A4EC}.Release|x86.Build.0 = Release|Win32
	EndGlobalSection
	GlobalSection(SolutionProperties) = preSolution
		HideSolutionNode = FALSE
	EndGlobalSection
	GlobalSection(ExtensibilityGlobals) = postSolution
		SolutionGuid = {FFF520AF-7DC6-470B-B0E8-F66D79F0FF71}
	EndGlobalSection
EndGlobal
